# This file was autogenerated by Stack.
# You should not edit this file by hand.
# For more information, please see the documentation at:
#   https://docs.haskellstack.org/en/stable/lock_files

packages:
- completed:
    hackage: QuickCheck-1.2.0.1@sha256:8f06f07cae74e90cd5bdde3eed23b0e3293ad494f42f0f0cb77074fa3b7950d9,1404
    pantry-tree:
      size: 661
      sha256: c8c04b40f5289778994ce878a0ea3b00b9c5632c22343f59ea10c3daad6fe332
  original:
    hackage: QuickCheck-1.2.0.1@sha256:8f06f07cae74e90cd5bdde3eed23b0e3293ad494f42f0f0cb77074fa3b7950d9,1404
- completed:
    hackage: ieee-0.7@sha256:4f444419a7861f04fb64502d14688c80e8293a86a608f6d14c3010c9bd96b6d1,1327
    pantry-tree:
      size: 638
      sha256: eefc5e89d3e348ce5e2bb078096e8e9c6288037dcd21317e291c550ab98ee294
  original:
    hackage: ieee-0.7@sha256:4f444419a7861f04fb64502d14688c80e8293a86a608f6d14c3010c9bd96b6d1,1327
- completed:
    hackage: blas-0.7.6@sha256:7ab0130f8fd951b9d062533b4d05a05c6e0f40a7f5c9167523db152c4c52d3ab,5619
    pantry-tree:
      size: 5379
      sha256: 592755ff5802c16680b6246c604bdaeeb86751dca7846991c9eef18c7bb86f0a
  original:
    hackage: blas-0.7.6@sha256:7ab0130f8fd951b9d062533b4d05a05c6e0f40a7f5c9167523db152c4c52d3ab,5619
snapshots:
- completed:
    size: 509471
    url: https://raw.githubusercontent.com/commercialhaskell/stackage-snapshots/master/lts/12/26.yaml
    sha256: 95f014df58d0679b1c4a2b7bf2b652b61da8d30de5f571abb0d59015ef678646
  original: lts-12.26
